{
  "version": 4,
  "terraform_version": "1.11.4",
  "serial": 38,
  "lineage": "f13c491e-d7cc-83c2-9d04-5c500822c7fa",
  "outputs": {},
  "resources": [
    {
      "mode": "managed",
      "type": "azurerm_resource_group",
      "name": "rg-vWAN",
      "provider": "provider[\"registry.terraform.io/hashicorp/azurerm\"]",
      "instances": [
        {
          "schema_version": 0,
          "attributes": {
            "id": "/subscriptions/f79d2be0-bb64-4211-a256-3149af5b3614/resourceGroups/rg-vWAN",
            "location": "eastus",
            "managed_by": "",
            "name": "rg-vWAN",
            "tags": {},
            "timeouts": null
          },
          "sensitive_attributes": [],
          "private": "eyJlMmJmYjczMC1lY2FhLTExZTYtOGY4OC0zNDM2M2JjN2M0YzAiOnsiY3JlYXRlIjo1NDAwMDAwMDAwMDAwLCJkZWxldGUiOjU0MDAwMDAwMDAwMDAsInJlYWQiOjMwMDAwMDAwMDAwMCwidXBkYXRlIjo1NDAwMDAwMDAwMDAwfX0="
        }
      ]
    },
    {
      "mode": "managed",
      "type": "azurerm_virtual_hub",
      "name": "vHub",
      "provider": "provider[\"registry.terraform.io/hashicorp/azurerm\"]",
      "instances": [
        {
          "schema_version": 0,
          "attributes": {
            "address_prefix": "10.0.100.0/23",
            "default_route_table_id": "/subscriptions/f79d2be0-bb64-4211-a256-3149af5b3614/resourceGroups/rg-vWAN/providers/Microsoft.Network/virtualHubs/vHub-1/hubRouteTables/defaultRouteTable",
            "hub_routing_preference": "ExpressRoute",
            "id": "/subscriptions/f79d2be0-bb64-4211-a256-3149af5b3614/resourceGroups/rg-vWAN/providers/Microsoft.Network/virtualHubs/vHub-1",
            "location": "eastus",
            "name": "vHub-1",
            "resource_group_name": "rg-vWAN",
            "route": [],
            "sku": "",
            "tags": {
              "Application": "",
              "BusinessUnit": "",
              "Compliance": "",
              "CostCenter": "",
              "Environment": "",
              "Project": "",
              "ServiceLevel": "",
              "hubSaaSPreview": "true"
            },
            "timeouts": null,
            "virtual_router_asn": 65515,
            "virtual_router_auto_scale_min_capacity": 2,
            "virtual_router_ips": [
              "10.0.100.69",
              "10.0.100.68"
            ],
            "virtual_wan_id": "/subscriptions/f79d2be0-bb64-4211-a256-3149af5b3614/resourceGroups/rg-vWAN/providers/Microsoft.Network/virtualWans/pan-vWAN"
          },
          "sensitive_attributes": [],
          "private": "eyJlMmJmYjczMC1lY2FhLTExZTYtOGY4OC0zNDM2M2JjN2M0YzAiOnsiY3JlYXRlIjozNjAwMDAwMDAwMDAwLCJkZWxldGUiOjM2MDAwMDAwMDAwMDAsInJlYWQiOjMwMDAwMDAwMDAwMCwidXBkYXRlIjozNjAwMDAwMDAwMDAwfX0=",
          "dependencies": [
            "azurerm_resource_group.rg-vWAN",
            "azurerm_virtual_wan.vWAN"
          ]
        }
      ]
    },
    {
      "mode": "managed",
      "type": "azurerm_virtual_wan",
      "name": "vWAN",
      "provider": "provider[\"registry.terraform.io/hashicorp/azurerm\"]",
      "instances": [
        {
          "schema_version": 0,
          "attributes": {
            "allow_branch_to_branch_traffic": true,
            "disable_vpn_encryption": false,
            "id": "/subscriptions/f79d2be0-bb64-4211-a256-3149af5b3614/resourceGroups/rg-vWAN/providers/Microsoft.Network/virtualWans/pan-vWAN",
            "location": "eastus",
            "name": "pan-vWAN",
            "office365_local_breakout_category": "None",
            "resource_group_name": "rg-vWAN",
            "tags": {
              "Application": "",
              "BusinessUnit": "",
              "Compliance": "",
              "CostCenter": "",
              "Environment": "",
              "Project": "",
              "ServiceLevel": ""
            },
            "timeouts": null,
            "type": "Standard"
          },
          "sensitive_attributes": [],
          "private": "eyJlMmJmYjczMC1lY2FhLTExZTYtOGY4OC0zNDM2M2JjN2M0YzAiOnsiY3JlYXRlIjoxODAwMDAwMDAwMDAwLCJkZWxldGUiOjE4MDAwMDAwMDAwMDAsInJlYWQiOjMwMDAwMDAwMDAwMCwidXBkYXRlIjoxODAwMDAwMDAwMDAwfX0=",
          "dependencies": [
            "azurerm_resource_group.rg-vWAN"
          ]
        }
      ]
    }
  ],
  "check_results": null
}
