{
  "version": 4,
  "terraform_version": "1.11.4",
  "serial": 34,
  "lineage": "f13c491e-d7cc-83c2-9d04-5c500822c7fa",
  "outputs": {},
  "resources": [
    {
      "mode": "managed",
      "type": "azurerm_network_security_group",
      "name": "sg-vms",
      "provider": "provider[\"registry.terraform.io/hashicorp/azurerm\"]",
      "instances": [
        {
          "schema_version": 0,
          "attributes": {
            "id": "/subscriptions/f79d2be0-bb64-4211-a256-3149af5b3614/resourceGroups/rg-vms/providers/Microsoft.Network/networkSecurityGroups/sg-vms",
            "location": "eastus",
            "name": "sg-vms",
            "resource_group_name": "rg-vms",
            "security_rule": [],
            "tags": {
              "Application": "",
              "BusinessUnit": "",
              "Compliance": "",
              "CostCenter": "",
              "Environment": "",
              "Project": "",
              "ServiceLevel": ""
            },
            "timeouts": null
          },
          "sensitive_attributes": [],
          "private": "eyJlMmJmYjczMC1lY2FhLTExZTYtOGY4OC0zNDM2M2JjN2M0YzAiOnsiY3JlYXRlIjoxODAwMDAwMDAwMDAwLCJkZWxldGUiOjE4MDAwMDAwMDAwMDAsInJlYWQiOjMwMDAwMDAwMDAwMCwidXBkYXRlIjoxODAwMDAwMDAwMDAwfX0=",
          "dependencies": [
            "azurerm_resource_group.rg-vms"
          ]
        }
      ]
    },
    {
      "mode": "managed",
      "type": "azurerm_resource_group",
      "name": "rg-vWAN",
      "provider": "provider[\"registry.terraform.io/hashicorp/azurerm\"]",
      "instances": [
        {
          "schema_version": 0,
          "attributes": {
            "id": "/subscriptions/f79d2be0-bb64-4211-a256-3149af5b3614/resourceGroups/rg-vWAN",
            "location": "eastus",
            "managed_by": "",
            "name": "rg-vWAN",
            "tags": {},
            "timeouts": null
          },
          "sensitive_attributes": [],
          "private": "eyJlMmJmYjczMC1lY2FhLTExZTYtOGY4OC0zNDM2M2JjN2M0YzAiOnsiY3JlYXRlIjo1NDAwMDAwMDAwMDAwLCJkZWxldGUiOjU0MDAwMDAwMDAwMDAsInJlYWQiOjMwMDAwMDAwMDAwMCwidXBkYXRlIjo1NDAwMDAwMDAwMDAwfX0="
        }
      ]
    },
    {
      "mode": "managed",
      "type": "azurerm_resource_group",
      "name": "rg-vms",
      "provider": "provider[\"registry.terraform.io/hashicorp/azurerm\"]",
      "instances": [
        {
          "schema_version": 0,
          "attributes": {
            "id": "/subscriptions/f79d2be0-bb64-4211-a256-3149af5b3614/resourceGroups/rg-vms",
            "location": "eastus",
            "managed_by": "",
            "name": "rg-vms",
            "tags": {},
            "timeouts": null
          },
          "sensitive_attributes": [],
          "private": "eyJlMmJmYjczMC1lY2FhLTExZTYtOGY4OC0zNDM2M2JjN2M0YzAiOnsiY3JlYXRlIjo1NDAwMDAwMDAwMDAwLCJkZWxldGUiOjU0MDAwMDAwMDAwMDAsInJlYWQiOjMwMDAwMDAwMDAwMCwidXBkYXRlIjo1NDAwMDAwMDAwMDAwfX0="
        }
      ]
    },
    {
      "mode": "managed",
      "type": "azurerm_virtual_hub",
      "name": "vHub",
      "provider": "provider[\"registry.terraform.io/hashicorp/azurerm\"]",
      "instances": [
        {
          "schema_version": 0,
          "attributes": {
            "address_prefix": "10.0.100.0/23",
            "default_route_table_id": "/subscriptions/f79d2be0-bb64-4211-a256-3149af5b3614/resourceGroups/rg-vWAN/providers/Microsoft.Network/virtualHubs/vHub-1/hubRouteTables/defaultRouteTable",
            "hub_routing_preference": "ExpressRoute",
            "id": "/subscriptions/f79d2be0-bb64-4211-a256-3149af5b3614/resourceGroups/rg-vWAN/providers/Microsoft.Network/virtualHubs/vHub-1",
            "location": "eastus",
            "name": "vHub-1",
            "resource_group_name": "rg-vWAN",
            "route": [],
            "sku": "",
            "tags": {
              "Application": "",
              "BusinessUnit": "",
              "Compliance": "",
              "CostCenter": "",
              "Environment": "",
              "Project": "",
              "ServiceLevel": "",
              "hubSaaSPreview": "true"
            },
            "timeouts": null,
            "virtual_router_asn": 65515,
            "virtual_router_auto_scale_min_capacity": 2,
            "virtual_router_ips": [
              "10.0.100.69",
              "10.0.100.68"
            ],
            "virtual_wan_id": "/subscriptions/f79d2be0-bb64-4211-a256-3149af5b3614/resourceGroups/rg-vWAN/providers/Microsoft.Network/virtualWans/pan-vWAN"
          },
          "sensitive_attributes": [],
          "private": "eyJlMmJmYjczMC1lY2FhLTExZTYtOGY4OC0zNDM2M2JjN2M0YzAiOnsiY3JlYXRlIjozNjAwMDAwMDAwMDAwLCJkZWxldGUiOjM2MDAwMDAwMDAwMDAsInJlYWQiOjMwMDAwMDAwMDAwMCwidXBkYXRlIjozNjAwMDAwMDAwMDAwfX0=",
          "dependencies": [
            "azurerm_resource_group.rg-vWAN",
            "azurerm_virtual_wan.vWAN"
          ]
        }
      ]
    },
    {
      "mode": "managed",
      "type": "azurerm_virtual_hub_connection",
      "name": "conn-vm-vnet",
      "provider": "provider[\"registry.terraform.io/hashicorp/azurerm\"]",
      "instances": [
        {
          "schema_version": 0,
          "attributes": {
            "id": "/subscriptions/f79d2be0-bb64-4211-a256-3149af5b3614/resourceGroups/rg-vWAN/providers/Microsoft.Network/virtualHubs/vHub-1/hubVirtualNetworkConnections/conn-vm-vnet",
            "internet_security_enabled": false,
            "name": "conn-vm-vnet",
            "remote_virtual_network_id": "/subscriptions/f79d2be0-bb64-4211-a256-3149af5b3614/resourceGroups/rg-vms/providers/Microsoft.Network/virtualNetworks/vm-network",
            "routing": [
              {
                "associated_route_table_id": "/subscriptions/f79d2be0-bb64-4211-a256-3149af5b3614/resourceGroups/rg-vWAN/providers/Microsoft.Network/virtualHubs/vHub-1/hubRouteTables/defaultRouteTable",
                "inbound_route_map_id": "",
                "outbound_route_map_id": "",
                "propagated_route_table": [
                  {
                    "labels": [
                      "default"
                    ],
                    "route_table_ids": [
                      "/subscriptions/f79d2be0-bb64-4211-a256-3149af5b3614/resourceGroups/rg-vWAN/providers/Microsoft.Network/virtualHubs/vHub-1/hubRouteTables/defaultRouteTable"
                    ]
                  }
                ],
                "static_vnet_local_route_override_criteria": "Contains",
                "static_vnet_propagate_static_routes_enabled": false,
                "static_vnet_route": []
              }
            ],
            "timeouts": null,
            "virtual_hub_id": "/subscriptions/f79d2be0-bb64-4211-a256-3149af5b3614/resourceGroups/rg-vWAN/providers/Microsoft.Network/virtualHubs/vHub-1"
          },
          "sensitive_attributes": [],
          "private": "eyJlMmJmYjczMC1lY2FhLTExZTYtOGY4OC0zNDM2M2JjN2M0YzAiOnsiY3JlYXRlIjozNjAwMDAwMDAwMDAwLCJkZWxldGUiOjM2MDAwMDAwMDAwMDAsInJlYWQiOjMwMDAwMDAwMDAwMCwidXBkYXRlIjozNjAwMDAwMDAwMDAwfX0=",
          "dependencies": [
            "azurerm_resource_group.rg-vWAN",
            "azurerm_resource_group.rg-vms",
            "azurerm_virtual_hub.vHub",
            "azurerm_virtual_network.vnet-craig-vms",
            "azurerm_virtual_wan.vWAN"
          ]
        }
      ]
    },
    {
      "mode": "managed",
      "type": "azurerm_virtual_network",
      "name": "vnet-craig-vms",
      "provider": "provider[\"registry.terraform.io/hashicorp/azurerm\"]",
      "instances": [
        {
          "schema_version": 0,
          "attributes": {
            "address_space": [
              "172.16.250.0/24"
            ],
            "bgp_community": "",
            "ddos_protection_plan": [],
            "dns_servers": [],
            "edge_zone": "",
            "encryption": [],
            "flow_timeout_in_minutes": 0,
            "guid": "ca51db18-a364-48a7-8984-2c72f1736701",
            "id": "/subscriptions/f79d2be0-bb64-4211-a256-3149af5b3614/resourceGroups/rg-vms/providers/Microsoft.Network/virtualNetworks/vm-network",
            "location": "eastus",
            "name": "vm-network",
            "private_endpoint_vnet_policies": "Disabled",
            "resource_group_name": "rg-vms",
            "subnet": [
              {
                "address_prefixes": [
                  "172.16.250.0/25"
                ],
                "default_outbound_access_enabled": true,
                "delegation": [],
                "id": "/subscriptions/f79d2be0-bb64-4211-a256-3149af5b3614/resourceGroups/rg-vms/providers/Microsoft.Network/virtualNetworks/vm-network/subnets/vm-snet-1",
                "name": "vm-snet-1",
                "private_endpoint_network_policies": "Disabled",
                "private_link_service_network_policies_enabled": true,
                "route_table_id": "",
                "security_group": "",
                "service_endpoint_policy_ids": [],
                "service_endpoints": []
              },
              {
                "address_prefixes": [
                  "172.16.250.128/25"
                ],
                "default_outbound_access_enabled": true,
                "delegation": [],
                "id": "/subscriptions/f79d2be0-bb64-4211-a256-3149af5b3614/resourceGroups/rg-vms/providers/Microsoft.Network/virtualNetworks/vm-network/subnets/vm-snet-2",
                "name": "vm-snet-2",
                "private_endpoint_network_policies": "Disabled",
                "private_link_service_network_policies_enabled": true,
                "route_table_id": "",
                "security_group": "",
                "service_endpoint_policy_ids": [],
                "service_endpoints": []
              }
            ],
            "tags": {
              "Application": "",
              "BusinessUnit": "",
              "Compliance": "",
              "CostCenter": "",
              "Environment": "",
              "Project": "",
              "ServiceLevel": ""
            },
            "timeouts": null
          },
          "sensitive_attributes": [],
          "private": "eyJlMmJmYjczMC1lY2FhLTExZTYtOGY4OC0zNDM2M2JjN2M0YzAiOnsiY3JlYXRlIjoxODAwMDAwMDAwMDAwLCJkZWxldGUiOjE4MDAwMDAwMDAwMDAsInJlYWQiOjMwMDAwMDAwMDAwMCwidXBkYXRlIjoxODAwMDAwMDAwMDAwfX0=",
          "dependencies": [
            "azurerm_resource_group.rg-vWAN",
            "azurerm_resource_group.rg-vms"
          ]
        }
      ]
    },
    {
      "mode": "managed",
      "type": "azurerm_virtual_wan",
      "name": "vWAN",
      "provider": "provider[\"registry.terraform.io/hashicorp/azurerm\"]",
      "instances": [
        {
          "schema_version": 0,
          "attributes": {
            "allow_branch_to_branch_traffic": true,
            "disable_vpn_encryption": false,
            "id": "/subscriptions/f79d2be0-bb64-4211-a256-3149af5b3614/resourceGroups/rg-vWAN/providers/Microsoft.Network/virtualWans/pan-vWAN",
            "location": "eastus",
            "name": "pan-vWAN",
            "office365_local_breakout_category": "None",
            "resource_group_name": "rg-vWAN",
            "tags": {
              "Application": "",
              "BusinessUnit": "",
              "Compliance": "",
              "CostCenter": "",
              "Environment": "",
              "Project": "",
              "ServiceLevel": ""
            },
            "timeouts": null,
            "type": "Standard"
          },
          "sensitive_attributes": [],
          "private": "eyJlMmJmYjczMC1lY2FhLTExZTYtOGY4OC0zNDM2M2JjN2M0YzAiOnsiY3JlYXRlIjoxODAwMDAwMDAwMDAwLCJkZWxldGUiOjE4MDAwMDAwMDAwMDAsInJlYWQiOjMwMDAwMDAwMDAwMCwidXBkYXRlIjoxODAwMDAwMDAwMDAwfX0=",
          "dependencies": [
            "azurerm_resource_group.rg-vWAN"
          ]
        }
      ]
    }
  ],
  "check_results": null
}
